
Microsoft Visual Studio Solution File, Format Version 12.00
# Visual Studio 15
VisualStudioVersion = 15.0.27703.2026
MinimumVisualStudioVersion = 10.0.40219.1
Project("{9A19103F-16F7-4668-BE54-9A1E7A4F7556}") = "Oslofjord.Sanity.Linq", "src\Oslofjord.Sanity.Linq\Oslofjord.Sanity.Linq.csproj", "{89789E24-C819-4D63-8B3C-71B560555208}"
EndProject
Project("{9A19103F-16F7-4668-BE54-9A1E7A4F7556}") = "Oslofjord.Sanity.Linq.Demo", "demo\Oslofjord.Sanity.Linq.Demo\Oslofjord.Sanity.Linq.Demo.csproj", "{9A92925B-7550-476B-8A5E-4D068F3A98CA}"
EndProject
Project("{9A19103F-16F7-4668-BE54-9A1E7A4F7556}") = "Oslofjord.Sanity.Linq.Tests", "tests\Oslofjord.Sanity.Linq.Tests\Oslofjord.Sanity.Linq.Tests.csproj", "{8E43F31C-30FD-4B31-8656-AA3A0FCEFCD0}"
EndProject
Project("{2150E333-8FDC-42A3-9474-1A3956D46DE8}") = "Solution Items", "Solution Items", "{167A03E7-CC50-447A-8CEF-26CDE1141A1A}"
	ProjectSection(SolutionItems) = preProject
		CONTRIBUTERS.md = CONTRIBUTERS.md
		LICENSE = LICENSE
		README.md = README.md
	EndProjectSection
EndProject
Global
	GlobalSection(SolutionConfigurationPlatforms) = preSolution
		Debug|Any CPU = Debug|Any CPU
		Release|Any CPU = Release|Any CPU
	EndGlobalSection
	GlobalSection(ProjectConfigurationPlatforms) = postSolution
		{89789E24-C819-4D63-8B3C-71B560555208}.Debug|Any CPU.ActiveCfg = Debug|Any CPU
		{89789E24-C819-4D63-8B3C-71B560555208}.Debug|Any CPU.Build.0 = Debug|Any CPU
		{89789E24-C819-4D63-8B3C-71B560555208}.Release|Any CPU.ActiveCfg = Release|Any CPU
		{89789E24-C819-4D63-8B3C-71B560555208}.Release|Any CPU.Build.0 = Release|Any CPU
		{9A92925B-7550-476B-8A5E-4D068F3A98CA}.Debug|Any CPU.ActiveCfg = Debug|Any CPU
		{9A92925B-7550-476B-8A5E-4D068F3A98CA}.Debug|Any CPU.Build.0 = Debug|Any CPU
		{9A92925B-7550-476B-8A5E-4D068F3A98CA}.Release|Any CPU.ActiveCfg = Release|Any CPU
		{9A92925B-7550-476B-8A5E-4D068F3A98CA}.Release|Any CPU.Build.0 = Release|Any CPU
		{8E43F31C-30FD-4B31-8656-AA3A0FCEFCD0}.Debug|Any CPU.ActiveCfg = Debug|Any CPU
		{8E43F31C-30FD-4B31-8656-AA3A0FCEFCD0}.Debug|Any CPU.Build.0 = Debug|Any CPU
		{8E43F31C-30FD-4B31-8656-AA3A0FCEFCD0}.Release|Any CPU.ActiveCfg = Release|Any CPU
		{8E43F31C-30FD-4B31-8656-AA3A0FCEFCD0}.Release|Any CPU.Build.0 = Release|Any CPU
	EndGlobalSection
	GlobalSection(SolutionProperties) = preSolution
		HideSolutionNode = FALSE
	EndGlobalSection
	GlobalSection(ExtensibilityGlobals) = postSolution
		SolutionGuid = {8E066241-7D06-46AF-A425-042046106657}
	EndGlobalSection
EndGlobal
